// !$*UTF8*$!
{
	archiveVersion = 1;
	classes = {
	};
	objectVersion = 56;
	objects = {

/* Begin PBXBuildFile section */
		817CA0AE295B17B00006C248 /* BlanckView.swift in Sources */ = {isa = PBXBuildFile; fileRef = 817CA0AD295B17B00006C248 /* BlanckView.swift */; };
		817CA0B1295B30730006C248 /* ListRowItemView.swift in Sources */ = {isa = PBXBuildFile; fileRef = 817CA0B0295B30730006C248 /* ListRowItemView.swift */; };
		817CA0B3295B8A060006C248 /* ToggleCustomStyle.swift in Sources */ = {isa = PBXBuildFile; fileRef = 817CA0B2295B8A060006C248 /* ToggleCustomStyle.swift */; };
		817CA0B5295B96B60006C248 /* PlaySound.swift in Sources */ = {isa = PBXBuildFile; fileRef = 817CA0B4295B96B60006C248 /* PlaySound.swift */; };
		81E8B97A2959ED4500DE14AC /* DevoteApp.swift in Sources */ = {isa = PBXBuildFile; fileRef = 81E8B9792959ED4500DE14AC /* DevoteApp.swift */; };
		81E8B97C2959ED4500DE14AC /* ContentView.swift in Sources */ = {isa = PBXBuildFile; fileRef = 81E8B97B2959ED4500DE14AC /* ContentView.swift */; };
		81E8B97E2959ED4600DE14AC /* Assets.xcassets in Resources */ = {isa = PBXBuildFile; fileRef = 81E8B97D2959ED4600DE14AC /* Assets.xcassets */; };
		81E8B9812959ED4600DE14AC /* Preview Assets.xcassets in Resources */ = {isa = PBXBuildFile; fileRef = 81E8B9802959ED4600DE14AC /* Preview Assets.xcassets */; };
		81E8B9832959ED4600DE14AC /* Persistence.swift in Sources */ = {isa = PBXBuildFile; fileRef = 81E8B9822959ED4600DE14AC /* Persistence.swift */; };
		81E8B9862959ED4600DE14AC /* Devote.xcdatamodeld in Sources */ = {isa = PBXBuildFile; fileRef = 81E8B9842959ED4600DE14AC /* Devote.xcdatamodeld */; };
		81E8B98F2959EDC200DE14AC /* sound-tap.mp3 in Resources */ = {isa = PBXBuildFile; fileRef = 81E8B98C2959EDC200DE14AC /* sound-tap.mp3 */; };
		81E8B9902959EDC200DE14AC /* sound-ding.mp3 in Resources */ = {isa = PBXBuildFile; fileRef = 81E8B98D2959EDC200DE14AC /* sound-ding.mp3 */; };
		81E8B9912959EDC200DE14AC /* sound-rise.mp3 in Resources */ = {isa = PBXBuildFile; fileRef = 81E8B98E2959EDC200DE14AC /* sound-rise.mp3 */; };
		81E8B997295A060C00DE14AC /* PlaceHolderStyle.swift in Sources */ = {isa = PBXBuildFile; fileRef = 81E8B996295A060C00DE14AC /* PlaceHolderStyle.swift */; };
		81E8B99C295A255200DE14AC /* Constants.swift in Sources */ = {isa = PBXBuildFile; fileRef = 81E8B99B295A255200DE14AC /* Constants.swift */; };
		81E8B99F295A2F5300DE14AC /* BackgroundImageView.swift in Sources */ = {isa = PBXBuildFile; fileRef = 81E8B99E295A2F5300DE14AC /* BackgroundImageView.swift */; };
		81E8B9A1295A356700DE14AC /* AddNewTaskView.swift in Sources */ = {isa = PBXBuildFile; fileRef = 81E8B9A0295A356700DE14AC /* AddNewTaskView.swift */; };
/* End PBXBuildFile section */

/* Begin PBXFileReference section */
		817CA0AD295B17B00006C248 /* BlanckView.swift */ = {isa = PBXFileReference; lastKnownFileType = sourcecode.swift; path = BlanckView.swift; sourceTree = "<group>"; };
		817CA0B0295B30730006C248 /* ListRowItemView.swift */ = {isa = PBXFileReference; lastKnownFileType = sourcecode.swift; path = ListRowItemView.swift; sourceTree = "<group>"; };
		817CA0B2295B8A060006C248 /* ToggleCustomStyle.swift */ = {isa = PBXFileReference; lastKnownFileType = sourcecode.swift; path = ToggleCustomStyle.swift; sourceTree = "<group>"; };
		817CA0B4295B96B60006C248 /* PlaySound.swift */ = {isa = PBXFileReference; lastKnownFileType = sourcecode.swift; path = PlaySound.swift; sourceTree = "<group>"; };
		81E8B9762959ED4500DE14AC /* Devote.app */ = {isa = PBXFileReference; explicitFileType = wrapper.application; includeInIndex = 0; path = Devote.app; sourceTree = BUILT_PRODUCTS_DIR; };
		81E8B9792959ED4500DE14AC /* DevoteApp.swift */ = {isa = PBXFileReference; lastKnownFileType = sourcecode.swift; path = DevoteApp.swift; sourceTree = "<group>"; };
		81E8B97B2959ED4500DE14AC /* ContentView.swift */ = {isa = PBXFileReference; lastKnownFileType = sourcecode.swift; path = ContentView.swift; sourceTree = "<group>"; };
		81E8B97D2959ED4600DE14AC /* Assets.xcassets */ = {isa = PBXFileReference; lastKnownFileType = folder.assetcatalog; path = Assets.xcassets; sourceTree = "<group>"; };
		81E8B9802959ED4600DE14AC /* Preview Assets.xcassets */ = {isa = PBXFileReference; lastKnownFileType = folder.assetcatalog; path = "Preview Assets.xcassets"; sourceTree = "<group>"; };
		81E8B9822959ED4600DE14AC /* Persistence.swift */ = {isa = PBXFileReference; lastKnownFileType = sourcecode.swift; path = Persistence.swift; sourceTree = "<group>"; };
		81E8B9852959ED4600DE14AC /* Devote.xcdatamodel */ = {isa = PBXFileReference; lastKnownFileType = wrapper.xcdatamodel; path = Devote.xcdatamodel; sourceTree = "<group>"; };
		81E8B98C2959EDC200DE14AC /* sound-tap.mp3 */ = {isa = PBXFileReference; lastKnownFileType = audio.mp3; path = "sound-tap.mp3"; sourceTree = "<group>"; };
		81E8B98D2959EDC200DE14AC /* sound-ding.mp3 */ = {isa = PBXFileReference; lastKnownFileType = audio.mp3; path = "sound-ding.mp3"; sourceTree = "<group>"; };
		81E8B98E2959EDC200DE14AC /* sound-rise.mp3 */ = {isa = PBXFileReference; lastKnownFileType = audio.mp3; path = "sound-rise.mp3"; sourceTree = "<group>"; };
		81E8B9952959EE3B00DE14AC /* Info.plist */ = {isa = PBXFileReference; lastKnownFileType = text.plist; path = Info.plist; sourceTree = "<group>"; };
		81E8B996295A060C00DE14AC /* PlaceHolderStyle.swift */ = {isa = PBXFileReference; lastKnownFileType = sourcecode.swift; path = PlaceHolderStyle.swift; sourceTree = "<group>"; };
		81E8B99B295A255200DE14AC /* Constants.swift */ = {isa = PBXFileReference; lastKnownFileType = sourcecode.swift; path = Constants.swift; sourceTree = "<group>"; };
		81E8B99E295A2F5300DE14AC /* BackgroundImageView.swift */ = {isa = PBXFileReference; lastKnownFileType = sourcecode.swift; path = BackgroundImageView.swift; sourceTree = "<group>"; };
		81E8B9A0295A356700DE14AC /* AddNewTaskView.swift */ = {isa = PBXFileReference; lastKnownFileType = sourcecode.swift; path = AddNewTaskView.swift; sourceTree = "<group>"; };
/* End PBXFileReference section */

/* Begin PBXFrameworksBuildPhase section */
		81E8B9732959ED4500DE14AC /* Frameworks */ = {
			isa = PBXFrameworksBuildPhase;
			buildActionMask = 2147483647;
			files = (
			);
			runOnlyForDeploymentPostprocessing = 0;
		};
/* End PBXFrameworksBuildPhase section */

/* Begin PBXGroup section */
		817CA0AF295B30560006C248 /* Style */ = {
			isa = PBXGroup;
			children = (
				817CA0B2295B8A060006C248 /* ToggleCustomStyle.swift */,
			);
			path = Style;
			sourceTree = "<group>";
		};
		81E8B96D2959ED4500DE14AC = {
			isa = PBXGroup;
			children = (
				81E8B9782959ED4500DE14AC /* Devote */,
				81E8B9772959ED4500DE14AC /* Products */,
			);
			sourceTree = "<group>";
		};
		81E8B9772959ED4500DE14AC /* Products */ = {
			isa = PBXGroup;
			children = (
				81E8B9762959ED4500DE14AC /* Devote.app */,
			);
			name = Products;
			sourceTree = "<group>";
		};
		81E8B9782959ED4500DE14AC /* Devote */ = {
			isa = PBXGroup;
			children = (
				817CA0AF295B30560006C248 /* Style */,
				81E8B99D295A2F3D00DE14AC /* View */,
				81E8B99A295A253500DE14AC /* Utils */,
				81E8B999295A084600DE14AC /* Modifier */,
				81E8B9932959EDF200DE14AC /* App */,
				81E8B9922959EDCB00DE14AC /* Sounds */,
				81E8B9942959EDFB00DE14AC /* Model */,
				81E8B97D2959ED4600DE14AC /* Assets.xcassets */,
				81E8B9952959EE3B00DE14AC /* Info.plist */,
				81E8B97F2959ED4600DE14AC /* Preview Content */,
			);
			path = Devote;
			sourceTree = "<group>";
		};
		81E8B97F2959ED4600DE14AC /* Preview Content */ = {
			isa = PBXGroup;
			children = (
				81E8B9802959ED4600DE14AC /* Preview Assets.xcassets */,
			);
			path = "Preview Content";
			sourceTree = "<group>";
		};
		81E8B9922959EDCB00DE14AC /* Sounds */ = {
			isa = PBXGroup;
			children = (
				81E8B98D2959EDC200DE14AC /* sound-ding.mp3 */,
				81E8B98E2959EDC200DE14AC /* sound-rise.mp3 */,
				81E8B98C2959EDC200DE14AC /* sound-tap.mp3 */,
			);
			path = Sounds;
			sourceTree = "<group>";
		};
		81E8B9932959EDF200DE14AC /* App */ = {
			isa = PBXGroup;
			children = (
				81E8B9792959ED4500DE14AC /* DevoteApp.swift */,
				81E8B97B2959ED4500DE14AC /* ContentView.swift */,
			);
			path = App;
			sourceTree = "<group>";
		};
		81E8B9942959EDFB00DE14AC /* Model */ = {
			isa = PBXGroup;
			children = (
				81E8B9822959ED4600DE14AC /* Persistence.swift */,
				81E8B9842959ED4600DE14AC /* Devote.xcdatamodeld */,
			);
			path = Model;
			sourceTree = "<group>";
		};
		81E8B999295A084600DE14AC /* Modifier */ = {
			isa = PBXGroup;
			children = (
				81E8B996295A060C00DE14AC /* PlaceHolderStyle.swift */,
			);
			path = Modifier;
			sourceTree = "<group>";
		};
		81E8B99A295A253500DE14AC /* Utils */ = {
			isa = PBXGroup;
			children = (
				81E8B99B295A255200DE14AC /* Constants.swift */,
				817CA0B4295B96B60006C248 /* PlaySound.swift */,
			);
			path = Utils;
			sourceTree = "<group>";
		};
		81E8B99D295A2F3D00DE14AC /* View */ = {
			isa = PBXGroup;
			children = (
				81E8B99E295A2F5300DE14AC /* BackgroundImageView.swift */,
				81E8B9A0295A356700DE14AC /* AddNewTaskView.swift */,
				817CA0AD295B17B00006C248 /* BlanckView.swift */,
				817CA0B0295B30730006C248 /* ListRowItemView.swift */,
			);
			path = View;
			sourceTree = "<group>";
		};
/* End PBXGroup section */

/* Begin PBXNativeTarget section */
		81E8B9752959ED4500DE14AC /* Devote */ = {
			isa = PBXNativeTarget;
			buildConfigurationList = 81E8B9892959ED4600DE14AC /* Build configuration list for PBXNativeTarget "Devote" */;
			buildPhases = (
				81E8B9722959ED4500DE14AC /* Sources */,
				81E8B9732959ED4500DE14AC /* Frameworks */,
				81E8B9742959ED4500DE14AC /* Resources */,
			);
			buildRules = (
			);
			dependencies = (
			);
			name = Devote;
			productName = Devote;
			productReference = 81E8B9762959ED4500DE14AC /* Devote.app */;
			productType = "com.apple.product-type.application";
		};
/* End PBXNativeTarget section */

/* Begin PBXProject section */
		81E8B96E2959ED4500DE14AC /* Project object */ = {
			isa = PBXProject;
			attributes = {
				BuildIndependentTargetsInParallel = 1;
				LastSwiftUpdateCheck = 1400;
				LastUpgradeCheck = 1400;
				TargetAttributes = {
					81E8B9752959ED4500DE14AC = {
						CreatedOnToolsVersion = 14.0.1;
					};
				};
			};
			buildConfigurationList = 81E8B9712959ED4500DE14AC /* Build configuration list for PBXProject "Devote" */;
			compatibilityVersion = "Xcode 14.0";
			developmentRegion = en;
			hasScannedForEncodings = 0;
			knownRegions = (
				en,
				Base,
			);
			mainGroup = 81E8B96D2959ED4500DE14AC;
			productRefGroup = 81E8B9772959ED4500DE14AC /* Products */;
			projectDirPath = "";
			projectRoot = "";
			targets = (
				81E8B9752959ED4500DE14AC /* Devote */,
			);
		};
/* End PBXProject section */

/* Begin PBXResourcesBuildPhase section */
		81E8B9742959ED4500DE14AC /* Resources */ = {
			isa = PBXResourcesBuildPhase;
			buildActionMask = 2147483647;
			files = (
				81E8B9912959EDC200DE14AC /* sound-rise.mp3 in Resources */,
				81E8B9902959EDC200DE14AC /* sound-ding.mp3 in Resources */,
				81E8B98F2959EDC200DE14AC /* sound-tap.mp3 in Resources */,
				81E8B9812959ED4600DE14AC /* Preview Assets.xcassets in Resources */,
				81E8B97E2959ED4600DE14AC /* Assets.xcassets in Resources */,
			);
			runOnlyForDeploymentPostprocessing = 0;
		};
/* End PBXResourcesBuildPhase section */

/* Begin PBXSourcesBuildPhase section */
		81E8B9722959ED4500DE14AC /* Sources */ = {
			isa = PBXSourcesBuildPhase;
			buildActionMask = 2147483647;
			files = (
				81E8B9A1295A356700DE14AC /* AddNewTaskView.swift in Sources */,
				817CA0B5295B96B60006C248 /* PlaySound.swift in Sources */,
				81E8B997295A060C00DE14AC /* PlaceHolderStyle.swift in Sources */,
				81E8B99F295A2F5300DE14AC /* BackgroundImageView.swift in Sources */,
				81E8B9832959ED4600DE14AC /* Persistence.swift in Sources */,
				81E8B97C2959ED4500DE14AC /* ContentView.swift in Sources */,
				817CA0AE295B17B00006C248 /* BlanckView.swift in Sources */,
				817CA0B1295B30730006C248 /* ListRowItemView.swift in Sources */,
				81E8B9862959ED4600DE14AC /* Devote.xcdatamodeld in Sources */,
				817CA0B3295B8A060006C248 /* ToggleCustomStyle.swift in Sources */,
				81E8B97A2959ED4500DE14AC /* DevoteApp.swift in Sources */,
				81E8B99C295A255200DE14AC /* Constants.swift in Sources */,
			);
			runOnlyForDeploymentPostprocessing = 0;
		};
/* End PBXSourcesBuildPhase section */

/* Begin XCBuildConfiguration section */
		81E8B9872959ED4600DE14AC /* Debug */ = {
			isa = XCBuildConfiguration;
			buildSettings = {
				ALWAYS_SEARCH_USER_PATHS = NO;
				CLANG_ANALYZER_NONNULL = YES;
				CLANG_ANALYZER_NUMBER_OBJECT_CONVERSION = YES_AGGRESSIVE;
				CLANG_CXX_LANGUAGE_STANDARD = "gnu++20";
				CLANG_ENABLE_MODULES = YES;
				CLANG_ENABLE_OBJC_ARC = YES;
				CLANG_ENABLE_OBJC_WEAK = YES;
				CLANG_WARN_BLOCK_CAPTURE_AUTORELEASING = YES;
				CLANG_WARN_BOOL_CONVERSION = YES;
				CLANG_WARN_COMMA = YES;
				CLANG_WARN_CONSTANT_CONVERSION = YES;
				CLANG_WARN_DEPRECATED_OBJC_IMPLEMENTATIONS = YES;
				CLANG_WARN_DIRECT_OBJC_ISA_USAGE = YES_ERROR;
				CLANG_WARN_DOCUMENTATION_COMMENTS = YES;
				CLANG_WARN_EMPTY_BODY = YES;
				CLANG_WARN_ENUM_CONVERSION = YES;
				CLANG_WARN_INFINITE_RECURSION = YES;
				CLANG_WARN_INT_CONVERSION = YES;
				CLANG_WARN_NON_LITERAL_NULL_CONVERSION = YES;
				CLANG_WARN_OBJC_IMPLICIT_RETAIN_SELF = YES;
				CLANG_WARN_OBJC_LITERAL_CONVERSION = YES;
				CLANG_WARN_OBJC_ROOT_CLASS = YES_ERROR;
				CLANG_WARN_QUOTED_INCLUDE_IN_FRAMEWORK_HEADER = YES;
				CLANG_WARN_RANGE_LOOP_ANALYSIS = YES;
				CLANG_WARN_STRICT_PROTOTYPES = YES;
				CLANG_WARN_SUSPICIOUS_MOVE = YES;
				CLANG_WARN_UNGUARDED_AVAILABILITY = YES_AGGRESSIVE;
				CLANG_WARN_UNREACHABLE_CODE = YES;
				CLANG_WARN__DUPLICATE_METHOD_MATCH = YES;
				COPY_PHASE_STRIP = NO;
				DEBUG_INFORMATION_FORMAT = dwarf;
				ENABLE_STRICT_OBJC_MSGSEND = YES;
				ENABLE_TESTABILITY = YES;
				GCC_C_LANGUAGE_STANDARD = gnu11;
				GCC_DYNAMIC_NO_PIC = NO;
				GCC_NO_COMMON_BLOCKS = YES;
				GCC_OPTIMIZATION_LEVEL = 0;
				GCC_PREPROCESSOR_DEFINITIONS = (
					"DEBUG=1",
					"$(inherited)",
				);
				GCC_WARN_64_TO_32_BIT_CONVERSION = YES;
				GCC_WARN_ABOUT_RETURN_TYPE = YES_ERROR;
				GCC_WARN_UNDECLARED_SELECTOR = YES;
				GCC_WARN_UNINITIALIZED_AUTOS = YES_AGGRESSIVE;
				GCC_WARN_UNUSED_FUNCTION = YES;
				GCC_WARN_UNUSED_VARIABLE = YES;
				IPHONEOS_DEPLOYMENT_TARGET = 16.0;
				MTL_ENABLE_DEBUG_INFO = INCLUDE_SOURCE;
				MTL_FAST_MATH = YES;
				ONLY_ACTIVE_ARCH = YES;
				SDKROOT = iphoneos;
				SWIFT_ACTIVE_COMPILATION_CONDITIONS = DEBUG;
				SWIFT_OPTIMIZATION_LEVEL = "-Onone";
			};
			name = Debug;
		};
		81E8B9882959ED4600DE14AC /* Release */ = {
			isa = XCBuildConfiguration;
			buildSettings = {
				ALWAYS_SEARCH_USER_PATHS = NO;
				CLANG_ANALYZER_NONNULL = YES;
				CLANG_ANALYZER_NUMBER_OBJECT_CONVERSION = YES_AGGRESSIVE;
				CLANG_CXX_LANGUAGE_STANDARD = "gnu++20";
				CLANG_ENABLE_MODULES = YES;
				CLANG_ENABLE_OBJC_ARC = YES;
				CLANG_ENABLE_OBJC_WEAK = YES;
				CLANG_WARN_BLOCK_CAPTURE_AUTORELEASING = YES;
				CLANG_WARN_BOOL_CONVERSION = YES;
				CLANG_WARN_COMMA = YES;
				CLANG_WARN_CONSTANT_CONVERSION = YES;
				CLANG_WARN_DEPRECATED_OBJC_IMPLEMENTATIONS = YES;
				CLANG_WARN_DIRECT_OBJC_ISA_USAGE = YES_ERROR;
				CLANG_WARN_DOCUMENTATION_COMMENTS = YES;
				CLANG_WARN_EMPTY_BODY = YES;
				CLANG_WARN_ENUM_CONVERSION = YES;
				CLANG_WARN_INFINITE_RECURSION = YES;
				CLANG_WARN_INT_CONVERSION = YES;
				CLANG_WARN_NON_LITERAL_NULL_CONVERSION = YES;
				CLANG_WARN_OBJC_IMPLICIT_RETAIN_SELF = YES;
				CLANG_WARN_OBJC_LITERAL_CONVERSION = YES;
				CLANG_WARN_OBJC_ROOT_CLASS = YES_ERROR;
				CLANG_WARN_QUOTED_INCLUDE_IN_FRAMEWORK_HEADER = YES;
				CLANG_WARN_RANGE_LOOP_ANALYSIS = YES;
				CLANG_WARN_STRICT_PROTOTYPES = YES;
				CLANG_WARN_SUSPICIOUS_MOVE = YES;
				CLANG_WARN_UNGUARDED_AVAILABILITY = YES_AGGRESSIVE;
				CLANG_WARN_UNREACHABLE_CODE = YES;
				CLANG_WARN__DUPLICATE_METHOD_MATCH = YES;
				COPY_PHASE_STRIP = NO;
				DEBUG_INFORMATION_FORMAT = "dwarf-with-dsym";
				ENABLE_NS_ASSERTIONS = NO;
				ENABLE_STRICT_OBJC_MSGSEND = YES;
				GCC_C_LANGUAGE_STANDARD = gnu11;
				GCC_NO_COMMON_BLOCKS = YES;
				GCC_WARN_64_TO_32_BIT_CONVERSION = YES;
				GCC_WARN_ABOUT_RETURN_TYPE = YES_ERROR;
				GCC_WARN_UNDECLARED_SELECTOR = YES;
				GCC_WARN_UNINITIALIZED_AUTOS = YES_AGGRESSIVE;
				GCC_WARN_UNUSED_FUNCTION = YES;
				GCC_WARN_UNUSED_VARIABLE = YES;
				IPHONEOS_DEPLOYMENT_TARGET = 16.0;
				MTL_ENABLE_DEBUG_INFO = NO;
				MTL_FAST_MATH = YES;
				SDKROOT = iphoneos;
				SWIFT_COMPILATION_MODE = wholemodule;
				SWIFT_OPTIMIZATION_LEVEL = "-O";
				VALIDATE_PRODUCT = YES;
			};
			name = Release;
		};
		81E8B98A2959ED4600DE14AC /* Debug */ = {
			isa = XCBuildConfiguration;
			buildSettings = {
				ASSETCATALOG_COMPILER_APPICON_NAME = AppIcon;
				ASSETCATALOG_COMPILER_GLOBAL_ACCENT_COLOR_NAME = AccentColor;
				CODE_SIGN_STYLE = Automatic;
				CURRENT_PROJECT_VERSION = 1;
				DEVELOPMENT_ASSET_PATHS = "\"Devote/Preview Content\"";
				DEVELOPMENT_TEAM = R555F6422X;
				ENABLE_PREVIEWS = YES;
				GENERATE_INFOPLIST_FILE = YES;
				INFOPLIST_FILE = Devote/Info.plist;
				INFOPLIST_KEY_UIApplicationSceneManifest_Generation = YES;
				INFOPLIST_KEY_UIApplicationSupportsIndirectInputEvents = YES;
				INFOPLIST_KEY_UISupportedInterfaceOrientations = UIInterfaceOrientationPortrait;
				INFOPLIST_KEY_UISupportedInterfaceOrientations_iPad = "UIInterfaceOrientationLandscapeLeft UIInterfaceOrientationLandscapeRight UIInterfaceOrientationPortrait UIInterfaceOrientationPortraitUpsideDown";
				LD_RUNPATH_SEARCH_PATHS = (
					"$(inherited)",
					"@executable_path/Frameworks",
				);
				MARKETING_VERSION = 1.0;
				PRODUCT_BUNDLE_IDENTIFIER = com.kvm.Devote;
				PRODUCT_NAME = "$(TARGET_NAME)";
				SUPPORTED_PLATFORMS = "iphoneos iphonesimulator";
				SUPPORTS_MACCATALYST = NO;
				SUPPORTS_MAC_DESIGNED_FOR_IPHONE_IPAD = NO;
				SWIFT_EMIT_LOC_STRINGS = YES;
				SWIFT_VERSION = 5.0;
				TARGETED_DEVICE_FAMILY = 1;
			};
			name = Debug;
		};
		81E8B98B2959ED4600DE14AC /* Release */ = {
			isa = XCBuildConfiguration;
			buildSettings = {
				ASSETCATALOG_COMPILER_APPICON_NAME = AppIcon;
				ASSETCATALOG_COMPILER_GLOBAL_ACCENT_COLOR_NAME = AccentColor;
				CODE_SIGN_STYLE = Automatic;
				CURRENT_PROJECT_VERSION = 1;
				DEVELOPMENT_ASSET_PATHS = "\"Devote/Preview Content\"";
				DEVELOPMENT_TEAM = R555F6422X;
				ENABLE_PREVIEWS = YES;
				GENERATE_INFOPLIST_FILE = YES;
				INFOPLIST_FILE = Devote/Info.plist;
				INFOPLIST_KEY_UIApplicationSceneManifest_Generation = YES;
				INFOPLIST_KEY_UIApplicationSupportsIndirectInputEvents = YES;
				INFOPLIST_KEY_UISupportedInterfaceOrientations = UIInterfaceOrientationPortrait;
				INFOPLIST_KEY_UISupportedInterfaceOrientations_iPad = "UIInterfaceOrientationLandscapeLeft UIInterfaceOrientationLandscapeRight UIInterfaceOrientationPortrait UIInterfaceOrientationPortraitUpsideDown";
				LD_RUNPATH_SEARCH_PATHS = (
					"$(inherited)",
					"@executable_path/Frameworks",
				);
				MARKETING_VERSION = 1.0;
				PRODUCT_BUNDLE_IDENTIFIER = com.kvm.Devote;
				PRODUCT_NAME = "$(TARGET_NAME)";
				SUPPORTED_PLATFORMS = "iphoneos iphonesimulator";
				SUPPORTS_MACCATALYST = NO;
				SUPPORTS_MAC_DESIGNED_FOR_IPHONE_IPAD = NO;
				SWIFT_EMIT_LOC_STRINGS = YES;
				SWIFT_VERSION = 5.0;
				TARGETED_DEVICE_FAMILY = 1;
			};
			name = Release;
		};
/* End XCBuildConfiguration section */

/* Begin XCConfigurationList section */
		81E8B9712959ED4500DE14AC /* Build configuration list for PBXProject "Devote" */ = {
			isa = XCConfigurationList;
			buildConfigurations = (
				81E8B9872959ED4600DE14AC /* Debug */,
				81E8B9882959ED4600DE14AC /* Release */,
			);
			defaultConfigurationIsVisible = 0;
			defaultConfigurationName = Release;
		};
		81E8B9892959ED4600DE14AC /* Build configuration list for PBXNativeTarget "Devote" */ = {
			isa = XCConfigurationList;
			buildConfigurations = (
				81E8B98A2959ED4600DE14AC /* Debug */,
				81E8B98B2959ED4600DE14AC /* Release */,
			);
			defaultConfigurationIsVisible = 0;
			defaultConfigurationName = Release;
		};
/* End XCConfigurationList section */

/* Begin XCVersionGroup section */
		81E8B9842959ED4600DE14AC /* Devote.xcdatamodeld */ = {
			isa = XCVersionGroup;
			children = (
				81E8B9852959ED4600DE14AC /* Devote.xcdatamodel */,
			);
			currentVersion = 81E8B9852959ED4600DE14AC /* Devote.xcdatamodel */;
			path = Devote.xcdatamodeld;
			sourceTree = "<group>";
			versionGroupType = wrapper.xcdatamodel;
		};
/* End XCVersionGroup section */
	};
	rootObject = 81E8B96E2959ED4500DE14AC /* Project object */;
}
